{
    "_meta": {
        "hash": {
            "sha256": "b298cee9232ea29e0d7f745a776a1b222ea7fb3fa84194ed3f9d9323eca8bb98"
        },
        "pipfile-spec": 6,
        "requires": {
            "python_version": "3.13"
        },
        "sources": [
            {
                "name": "pypi",
                "url": "https://pypi.org/simple",
                "verify_ssl": true
            }
        ]
    },
    "default": {
        "env": {
            "hashes": [
                "sha256:e07975087b08dd2aea45bf83447c7e21f43cf916bbc2a0722fceb66e54d03935"
            ],
            "index": "pypi",
            "version": "==0.1.0"
        }
    },
    "develop": {}
}
